// !$*UTF8*$!
{
	archiveVersion = 1;
	classes = {
	};
	objectVersion = 50;
	objects = {

/* Begin PBXBuildFile section */
		F21C8F922592384C00AC010B /* StartButtonView.swift in Sources */ = {isa = PBXBuildFile; fileRef = F21C8F912592384C00AC010B /* StartButtonView.swift */; };
		F21C8F9525923E6F00AC010B /* OnboardingView.swift in Sources */ = {isa = PBXBuildFile; fileRef = F21C8F9425923E6F00AC010B /* OnboardingView.swift */; };
		F21C8F992593515000AC010B /* Fruit.swift in Sources */ = {isa = PBXBuildFile; fileRef = F21C8F982593515000AC010B /* Fruit.swift */; };
		F21C8F9E2593536700AC010B /* FruitData.swift in Sources */ = {isa = PBXBuildFile; fileRef = F21C8F9D2593536700AC010B /* FruitData.swift */; };
		F21C8FA1259361A300AC010B /* FruitRowView.swift in Sources */ = {isa = PBXBuildFile; fileRef = F21C8FA0259361A300AC010B /* FruitRowView.swift */; };
		F21C8FA425947BD700AC010B /* FruitDetailView.swift in Sources */ = {isa = PBXBuildFile; fileRef = F21C8FA325947BD700AC010B /* FruitDetailView.swift */; };
		F21C8FA7259488D200AC010B /* FruitHeaderView.swift in Sources */ = {isa = PBXBuildFile; fileRef = F21C8FA6259488D200AC010B /* FruitHeaderView.swift */; };
		F21C8FAA2594AB4400AC010B /* SourceLinkView.swift in Sources */ = {isa = PBXBuildFile; fileRef = F21C8FA92594AB4400AC010B /* SourceLinkView.swift */; };
		F21C8FAD2595D58A00AC010B /* NutrientView.swift in Sources */ = {isa = PBXBuildFile; fileRef = F21C8FAC2595D58A00AC010B /* NutrientView.swift */; };
		F21C8FB02595F8C800AC010B /* SettingView.swift in Sources */ = {isa = PBXBuildFile; fileRef = F21C8FAF2595F8C800AC010B /* SettingView.swift */; };
		F21C8FB42595FAF200AC010B /* SettingRowView.swift in Sources */ = {isa = PBXBuildFile; fileRef = F21C8FB32595FAF200AC010B /* SettingRowView.swift */; };
		F21C8FB72595FB1100AC010B /* SettingLabelView.swift in Sources */ = {isa = PBXBuildFile; fileRef = F21C8FB62595FB1100AC010B /* SettingLabelView.swift */; };
		F2D1ADCC25921E6A00A0B97A /* fructusApp.swift in Sources */ = {isa = PBXBuildFile; fileRef = F2D1ADCB25921E6A00A0B97A /* fructusApp.swift */; };
		F2D1ADCE25921E6A00A0B97A /* ContentView.swift in Sources */ = {isa = PBXBuildFile; fileRef = F2D1ADCD25921E6A00A0B97A /* ContentView.swift */; };
		F2D1ADD025921E6B00A0B97A /* Assets.xcassets in Resources */ = {isa = PBXBuildFile; fileRef = F2D1ADCF25921E6B00A0B97A /* Assets.xcassets */; };
		F2D1ADD325921E6B00A0B97A /* Preview Assets.xcassets in Resources */ = {isa = PBXBuildFile; fileRef = F2D1ADD225921E6B00A0B97A /* Preview Assets.xcassets */; };
		F2D1ADDF25922E1000A0B97A /* FruitCardView.swift in Sources */ = {isa = PBXBuildFile; fileRef = F2D1ADDE25922E1000A0B97A /* FruitCardView.swift */; };
/* End PBXBuildFile section */

/* Begin PBXFileReference section */
		F21C8F912592384C00AC010B /* StartButtonView.swift */ = {isa = PBXFileReference; lastKnownFileType = sourcecode.swift; path = StartButtonView.swift; sourceTree = "<group>"; };
		F21C8F9425923E6F00AC010B /* OnboardingView.swift */ = {isa = PBXFileReference; lastKnownFileType = sourcecode.swift; path = OnboardingView.swift; sourceTree = "<group>"; };
		F21C8F982593515000AC010B /* Fruit.swift */ = {isa = PBXFileReference; lastKnownFileType = sourcecode.swift; path = Fruit.swift; sourceTree = "<group>"; };
		F21C8F9D2593536700AC010B /* FruitData.swift */ = {isa = PBXFileReference; fileEncoding = 4; lastKnownFileType = sourcecode.swift; path = FruitData.swift; sourceTree = "<group>"; };
		F21C8FA0259361A300AC010B /* FruitRowView.swift */ = {isa = PBXFileReference; lastKnownFileType = sourcecode.swift; path = FruitRowView.swift; sourceTree = "<group>"; };
		F21C8FA325947BD700AC010B /* FruitDetailView.swift */ = {isa = PBXFileReference; lastKnownFileType = sourcecode.swift; path = FruitDetailView.swift; sourceTree = "<group>"; };
		F21C8FA6259488D200AC010B /* FruitHeaderView.swift */ = {isa = PBXFileReference; lastKnownFileType = sourcecode.swift; path = FruitHeaderView.swift; sourceTree = "<group>"; };
		F21C8FA92594AB4400AC010B /* SourceLinkView.swift */ = {isa = PBXFileReference; lastKnownFileType = sourcecode.swift; path = SourceLinkView.swift; sourceTree = "<group>"; };
		F21C8FAC2595D58A00AC010B /* NutrientView.swift */ = {isa = PBXFileReference; lastKnownFileType = sourcecode.swift; path = NutrientView.swift; sourceTree = "<group>"; };
		F21C8FAF2595F8C800AC010B /* SettingView.swift */ = {isa = PBXFileReference; lastKnownFileType = sourcecode.swift; path = SettingView.swift; sourceTree = "<group>"; };
		F21C8FB32595FAF200AC010B /* SettingRowView.swift */ = {isa = PBXFileReference; lastKnownFileType = sourcecode.swift; path = SettingRowView.swift; sourceTree = "<group>"; };
		F21C8FB62595FB1100AC010B /* SettingLabelView.swift */ = {isa = PBXFileReference; lastKnownFileType = sourcecode.swift; path = SettingLabelView.swift; sourceTree = "<group>"; };
		F2D1ADC825921E6A00A0B97A /* fructus.app */ = {isa = PBXFileReference; explicitFileType = wrapper.application; includeInIndex = 0; path = fructus.app; sourceTree = BUILT_PRODUCTS_DIR; };
		F2D1ADCB25921E6A00A0B97A /* fructusApp.swift */ = {isa = PBXFileReference; lastKnownFileType = sourcecode.swift; path = fructusApp.swift; sourceTree = "<group>"; };
		F2D1ADCD25921E6A00A0B97A /* ContentView.swift */ = {isa = PBXFileReference; lastKnownFileType = sourcecode.swift; path = ContentView.swift; sourceTree = "<group>"; };
		F2D1ADCF25921E6B00A0B97A /* Assets.xcassets */ = {isa = PBXFileReference; lastKnownFileType = folder.assetcatalog; path = Assets.xcassets; sourceTree = "<group>"; };
		F2D1ADD225921E6B00A0B97A /* Preview Assets.xcassets */ = {isa = PBXFileReference; lastKnownFileType = folder.assetcatalog; path = "Preview Assets.xcassets"; sourceTree = "<group>"; };
		F2D1ADD425921E6B00A0B97A /* Info.plist */ = {isa = PBXFileReference; lastKnownFileType = text.plist.xml; path = Info.plist; sourceTree = "<group>"; };
		F2D1ADDE25922E1000A0B97A /* FruitCardView.swift */ = {isa = PBXFileReference; lastKnownFileType = sourcecode.swift; path = FruitCardView.swift; sourceTree = "<group>"; };
/* End PBXFileReference section */

/* Begin PBXFrameworksBuildPhase section */
		F2D1ADC525921E6A00A0B97A /* Frameworks */ = {
			isa = PBXFrameworksBuildPhase;
			buildActionMask = 2147483647;
			files = (
			);
			runOnlyForDeploymentPostprocessing = 0;
		};
/* End PBXFrameworksBuildPhase section */

/* Begin PBXGroup section */
		F21C8F972593513C00AC010B /* Model */ = {
			isa = PBXGroup;
			children = (
				F21C8F982593515000AC010B /* Fruit.swift */,
			);
			path = Model;
			sourceTree = "<group>";
		};
		F21C8F9C2593534B00AC010B /* Data */ = {
			isa = PBXGroup;
			children = (
				F21C8F9D2593536700AC010B /* FruitData.swift */,
			);
			path = Data;
			sourceTree = "<group>";
		};
		F2D1ADBF25921E6A00A0B97A = {
			isa = PBXGroup;
			children = (
				F2D1ADCA25921E6A00A0B97A /* fructus */,
				F2D1ADC925921E6A00A0B97A /* Products */,
			);
			sourceTree = "<group>";
		};
		F2D1ADC925921E6A00A0B97A /* Products */ = {
			isa = PBXGroup;
			children = (
				F2D1ADC825921E6A00A0B97A /* fructus.app */,
			);
			name = Products;
			sourceTree = "<group>";
		};
		F2D1ADCA25921E6A00A0B97A /* fructus */ = {
			isa = PBXGroup;
			children = (
				F21C8F9C2593534B00AC010B /* Data */,
				F21C8F972593513C00AC010B /* Model */,
				F2D1ADDD25922DFF00A0B97A /* View */,
				F2D1ADDB25922DF600A0B97A /* App */,
				F2D1ADCF25921E6B00A0B97A /* Assets.xcassets */,
				F2D1ADD425921E6B00A0B97A /* Info.plist */,
				F2D1ADD125921E6B00A0B97A /* Preview Content */,
			);
			path = fructus;
			sourceTree = "<group>";
		};
		F2D1ADD125921E6B00A0B97A /* Preview Content */ = {
			isa = PBXGroup;
			children = (
				F2D1ADD225921E6B00A0B97A /* Preview Assets.xcassets */,
			);
			path = "Preview Content";
			sourceTree = "<group>";
		};
		F2D1ADDB25922DF600A0B97A /* App */ = {
			isa = PBXGroup;
			children = (
				F2D1ADCB25921E6A00A0B97A /* fructusApp.swift */,
				F2D1ADCD25921E6A00A0B97A /* ContentView.swift */,
				F21C8F9425923E6F00AC010B /* OnboardingView.swift */,
				F21C8FAF2595F8C800AC010B /* SettingView.swift */,
			);
			path = App;
			sourceTree = "<group>";
		};
		F2D1ADDD25922DFF00A0B97A /* View */ = {
			isa = PBXGroup;
			children = (
				F2D1ADDE25922E1000A0B97A /* FruitCardView.swift */,
				F21C8F912592384C00AC010B /* StartButtonView.swift */,
				F21C8FA0259361A300AC010B /* FruitRowView.swift */,
				F21C8FA325947BD700AC010B /* FruitDetailView.swift */,
				F21C8FA6259488D200AC010B /* FruitHeaderView.swift */,
				F21C8FA92594AB4400AC010B /* SourceLinkView.swift */,
				F21C8FAC2595D58A00AC010B /* NutrientView.swift */,
				F21C8FB32595FAF200AC010B /* SettingRowView.swift */,
				F21C8FB62595FB1100AC010B /* SettingLabelView.swift */,
			);
			path = View;
			sourceTree = "<group>";
		};
/* End PBXGroup section */

/* Begin PBXNativeTarget section */
		F2D1ADC725921E6A00A0B97A /* fructus */ = {
			isa = PBXNativeTarget;
			buildConfigurationList = F2D1ADD725921E6B00A0B97A /* Build configuration list for PBXNativeTarget "fructus" */;
			buildPhases = (
				F2D1ADC425921E6A00A0B97A /* Sources */,
				F2D1ADC525921E6A00A0B97A /* Frameworks */,
				F2D1ADC625921E6A00A0B97A /* Resources */,
			);
			buildRules = (
			);
			dependencies = (
			);
			name = fructus;
			productName = fructus;
			productReference = F2D1ADC825921E6A00A0B97A /* fructus.app */;
			productType = "com.apple.product-type.application";
		};
/* End PBXNativeTarget section */

/* Begin PBXProject section */
		F2D1ADC025921E6A00A0B97A /* Project object */ = {
			isa = PBXProject;
			attributes = {
				LastSwiftUpdateCheck = 1230;
				LastUpgradeCheck = 1230;
				TargetAttributes = {
					F2D1ADC725921E6A00A0B97A = {
						CreatedOnToolsVersion = 12.3;
					};
				};
			};
			buildConfigurationList = F2D1ADC325921E6A00A0B97A /* Build configuration list for PBXProject "fructus" */;
			compatibilityVersion = "Xcode 9.3";
			developmentRegion = en;
			hasScannedForEncodings = 0;
			knownRegions = (
				en,
				Base,
			);
			mainGroup = F2D1ADBF25921E6A00A0B97A;
			productRefGroup = F2D1ADC925921E6A00A0B97A /* Products */;
			projectDirPath = "";
			projectRoot = "";
			targets = (
				F2D1ADC725921E6A00A0B97A /* fructus */,
			);
		};
/* End PBXProject section */

/* Begin PBXResourcesBuildPhase section */
		F2D1ADC625921E6A00A0B97A /* Resources */ = {
			isa = PBXResourcesBuildPhase;
			buildActionMask = 2147483647;
			files = (
				F2D1ADD325921E6B00A0B97A /* Preview Assets.xcassets in Resources */,
				F2D1ADD025921E6B00A0B97A /* Assets.xcassets in Resources */,
			);
			runOnlyForDeploymentPostprocessing = 0;
		};
/* End PBXResourcesBuildPhase section */

/* Begin PBXSourcesBuildPhase section */
		F2D1ADC425921E6A00A0B97A /* Sources */ = {
			isa = PBXSourcesBuildPhase;
			buildActionMask = 2147483647;
			files = (
				F21C8F9E2593536700AC010B /* FruitData.swift in Sources */,
				F21C8FAD2595D58A00AC010B /* NutrientView.swift in Sources */,
				F21C8FB42595FAF200AC010B /* SettingRowView.swift in Sources */,
				F21C8FAA2594AB4400AC010B /* SourceLinkView.swift in Sources */,
				F21C8F992593515000AC010B /* Fruit.swift in Sources */,
				F21C8FA1259361A300AC010B /* FruitRowView.swift in Sources */,
				F2D1ADDF25922E1000A0B97A /* FruitCardView.swift in Sources */,
				F21C8FB02595F8C800AC010B /* SettingView.swift in Sources */,
				F21C8FB72595FB1100AC010B /* SettingLabelView.swift in Sources */,
				F21C8FA425947BD700AC010B /* FruitDetailView.swift in Sources */,
				F21C8F922592384C00AC010B /* StartButtonView.swift in Sources */,
				F21C8FA7259488D200AC010B /* FruitHeaderView.swift in Sources */,
				F2D1ADCE25921E6A00A0B97A /* ContentView.swift in Sources */,
				F21C8F9525923E6F00AC010B /* OnboardingView.swift in Sources */,
				F2D1ADCC25921E6A00A0B97A /* fructusApp.swift in Sources */,
			);
			runOnlyForDeploymentPostprocessing = 0;
		};
/* End PBXSourcesBuildPhase section */

/* Begin XCBuildConfiguration section */
		F2D1ADD525921E6B00A0B97A /* Debug */ = {
			isa = XCBuildConfiguration;
			buildSettings = {
				ALWAYS_SEARCH_USER_PATHS = NO;
				CLANG_ANALYZER_NONNULL = YES;
				CLANG_ANALYZER_NUMBER_OBJECT_CONVERSION = YES_AGGRESSIVE;
				CLANG_CXX_LANGUAGE_STANDARD = "gnu++14";
				CLANG_CXX_LIBRARY = "libc++";
				CLANG_ENABLE_MODULES = YES;
				CLANG_ENABLE_OBJC_ARC = YES;
				CLANG_ENABLE_OBJC_WEAK = YES;
				CLANG_WARN_BLOCK_CAPTURE_AUTORELEASING = YES;
				CLANG_WARN_BOOL_CONVERSION = YES;
				CLANG_WARN_COMMA = YES;
				CLANG_WARN_CONSTANT_CONVERSION = YES;
				CLANG_WARN_DEPRECATED_OBJC_IMPLEMENTATIONS = YES;
				CLANG_WARN_DIRECT_OBJC_ISA_USAGE = YES_ERROR;
				CLANG_WARN_DOCUMENTATION_COMMENTS = YES;
				CLANG_WARN_EMPTY_BODY = YES;
				CLANG_WARN_ENUM_CONVERSION = YES;
				CLANG_WARN_INFINITE_RECURSION = YES;
				CLANG_WARN_INT_CONVERSION = YES;
				CLANG_WARN_NON_LITERAL_NULL_CONVERSION = YES;
				CLANG_WARN_OBJC_IMPLICIT_RETAIN_SELF = YES;
				CLANG_WARN_OBJC_LITERAL_CONVERSION = YES;
				CLANG_WARN_OBJC_ROOT_CLASS = YES_ERROR;
				CLANG_WARN_QUOTED_INCLUDE_IN_FRAMEWORK_HEADER = YES;
				CLANG_WARN_RANGE_LOOP_ANALYSIS = YES;
				CLANG_WARN_STRICT_PROTOTYPES = YES;
				CLANG_WARN_SUSPICIOUS_MOVE = YES;
				CLANG_WARN_UNGUARDED_AVAILABILITY = YES_AGGRESSIVE;
				CLANG_WARN_UNREACHABLE_CODE = YES;
				CLANG_WARN__DUPLICATE_METHOD_MATCH = YES;
				COPY_PHASE_STRIP = NO;
				DEBUG_INFORMATION_FORMAT = dwarf;
				ENABLE_STRICT_OBJC_MSGSEND = YES;
				ENABLE_TESTABILITY = YES;
				GCC_C_LANGUAGE_STANDARD = gnu11;
				GCC_DYNAMIC_NO_PIC = NO;
				GCC_NO_COMMON_BLOCKS = YES;
				GCC_OPTIMIZATION_LEVEL = 0;
				GCC_PREPROCESSOR_DEFINITIONS = (
					"DEBUG=1",
					"$(inherited)",
				);
				GCC_WARN_64_TO_32_BIT_CONVERSION = YES;
				GCC_WARN_ABOUT_RETURN_TYPE = YES_ERROR;
				GCC_WARN_UNDECLARED_SELECTOR = YES;
				GCC_WARN_UNINITIALIZED_AUTOS = YES_AGGRESSIVE;
				GCC_WARN_UNUSED_FUNCTION = YES;
				GCC_WARN_UNUSED_VARIABLE = YES;
				IPHONEOS_DEPLOYMENT_TARGET = 14.3;
				MTL_ENABLE_DEBUG_INFO = INCLUDE_SOURCE;
				MTL_FAST_MATH = YES;
				ONLY_ACTIVE_ARCH = YES;
				SDKROOT = iphoneos;
				SWIFT_ACTIVE_COMPILATION_CONDITIONS = DEBUG;
				SWIFT_OPTIMIZATION_LEVEL = "-Onone";
			};
			name = Debug;
		};
		F2D1ADD625921E6B00A0B97A /* Release */ = {
			isa = XCBuildConfiguration;
			buildSettings = {
				ALWAYS_SEARCH_USER_PATHS = NO;
				CLANG_ANALYZER_NONNULL = YES;
				CLANG_ANALYZER_NUMBER_OBJECT_CONVERSION = YES_AGGRESSIVE;
				CLANG_CXX_LANGUAGE_STANDARD = "gnu++14";
				CLANG_CXX_LIBRARY = "libc++";
				CLANG_ENABLE_MODULES = YES;
				CLANG_ENABLE_OBJC_ARC = YES;
				CLANG_ENABLE_OBJC_WEAK = YES;
				CLANG_WARN_BLOCK_CAPTURE_AUTORELEASING = YES;
				CLANG_WARN_BOOL_CONVERSION = YES;
				CLANG_WARN_COMMA = YES;
				CLANG_WARN_CONSTANT_CONVERSION = YES;
				CLANG_WARN_DEPRECATED_OBJC_IMPLEMENTATIONS = YES;
				CLANG_WARN_DIRECT_OBJC_ISA_USAGE = YES_ERROR;
				CLANG_WARN_DOCUMENTATION_COMMENTS = YES;
				CLANG_WARN_EMPTY_BODY = YES;
				CLANG_WARN_ENUM_CONVERSION = YES;
				CLANG_WARN_INFINITE_RECURSION = YES;
				CLANG_WARN_INT_CONVERSION = YES;
				CLANG_WARN_NON_LITERAL_NULL_CONVERSION = YES;
				CLANG_WARN_OBJC_IMPLICIT_RETAIN_SELF = YES;
				CLANG_WARN_OBJC_LITERAL_CONVERSION = YES;
				CLANG_WARN_OBJC_ROOT_CLASS = YES_ERROR;
				CLANG_WARN_QUOTED_INCLUDE_IN_FRAMEWORK_HEADER = YES;
				CLANG_WARN_RANGE_LOOP_ANALYSIS = YES;
				CLANG_WARN_STRICT_PROTOTYPES = YES;
				CLANG_WARN_SUSPICIOUS_MOVE = YES;
				CLANG_WARN_UNGUARDED_AVAILABILITY = YES_AGGRESSIVE;
				CLANG_WARN_UNREACHABLE_CODE = YES;
				CLANG_WARN__DUPLICATE_METHOD_MATCH = YES;
				COPY_PHASE_STRIP = NO;
				DEBUG_INFORMATION_FORMAT = "dwarf-with-dsym";
				ENABLE_NS_ASSERTIONS = NO;
				ENABLE_STRICT_OBJC_MSGSEND = YES;
				GCC_C_LANGUAGE_STANDARD = gnu11;
				GCC_NO_COMMON_BLOCKS = YES;
				GCC_WARN_64_TO_32_BIT_CONVERSION = YES;
				GCC_WARN_ABOUT_RETURN_TYPE = YES_ERROR;
				GCC_WARN_UNDECLARED_SELECTOR = YES;
				GCC_WARN_UNINITIALIZED_AUTOS = YES_AGGRESSIVE;
				GCC_WARN_UNUSED_FUNCTION = YES;
				GCC_WARN_UNUSED_VARIABLE = YES;
				IPHONEOS_DEPLOYMENT_TARGET = 14.3;
				MTL_ENABLE_DEBUG_INFO = NO;
				MTL_FAST_MATH = YES;
				SDKROOT = iphoneos;
				SWIFT_COMPILATION_MODE = wholemodule;
				SWIFT_OPTIMIZATION_LEVEL = "-O";
				VALIDATE_PRODUCT = YES;
			};
			name = Release;
		};
		F2D1ADD825921E6B00A0B97A /* Debug */ = {
			isa = XCBuildConfiguration;
			buildSettings = {
				ASSETCATALOG_COMPILER_APPICON_NAME = AppIcon;
				ASSETCATALOG_COMPILER_GLOBAL_ACCENT_COLOR_NAME = AccentColor;
				CODE_SIGN_STYLE = Automatic;
				DEVELOPMENT_ASSET_PATHS = "\"fructus/Preview Content\"";
				DEVELOPMENT_TEAM = S6TP86K6GF;
				ENABLE_PREVIEWS = YES;
				INFOPLIST_FILE = fructus/Info.plist;
				IPHONEOS_DEPLOYMENT_TARGET = 14.0;
				LD_RUNPATH_SEARCH_PATHS = (
					"$(inherited)",
					"@executable_path/Frameworks",
				);
				PRODUCT_BUNDLE_IDENTIFIER = com.pf.fructus;
				PRODUCT_NAME = "$(TARGET_NAME)";
				SWIFT_VERSION = 5.0;
				TARGETED_DEVICE_FAMILY = "1,2";
			};
			name = Debug;
		};
		F2D1ADD925921E6B00A0B97A /* Release */ = {
			isa = XCBuildConfiguration;
			buildSettings = {
				ASSETCATALOG_COMPILER_APPICON_NAME = AppIcon;
				ASSETCATALOG_COMPILER_GLOBAL_ACCENT_COLOR_NAME = AccentColor;
				CODE_SIGN_STYLE = Automatic;
				DEVELOPMENT_ASSET_PATHS = "\"fructus/Preview Content\"";
				DEVELOPMENT_TEAM = S6TP86K6GF;
				ENABLE_PREVIEWS = YES;
				INFOPLIST_FILE = fructus/Info.plist;
				IPHONEOS_DEPLOYMENT_TARGET = 14.0;
				LD_RUNPATH_SEARCH_PATHS = (
					"$(inherited)",
					"@executable_path/Frameworks",
				);
				PRODUCT_BUNDLE_IDENTIFIER = com.pf.fructus;
				PRODUCT_NAME = "$(TARGET_NAME)";
				SWIFT_VERSION = 5.0;
				TARGETED_DEVICE_FAMILY = "1,2";
			};
			name = Release;
		};
/* End XCBuildConfiguration section */

/* Begin XCConfigurationList section */
		F2D1ADC325921E6A00A0B97A /* Build configuration list for PBXProject "fructus" */ = {
			isa = XCConfigurationList;
			buildConfigurations = (
				F2D1ADD525921E6B00A0B97A /* Debug */,
				F2D1ADD625921E6B00A0B97A /* Release */,
			);
			defaultConfigurationIsVisible = 0;
			defaultConfigurationName = Release;
		};
		F2D1ADD725921E6B00A0B97A /* Build configuration list for PBXNativeTarget "fructus" */ = {
			isa = XCConfigurationList;
			buildConfigurations = (
				F2D1ADD825921E6B00A0B97A /* Debug */,
				F2D1ADD925921E6B00A0B97A /* Release */,
			);
			defaultConfigurationIsVisible = 0;
			defaultConfigurationName = Release;
		};
/* End XCConfigurationList section */
	};
	rootObject = F2D1ADC025921E6A00A0B97A /* Project object */;
}
