// !$*UTF8*$!
{
	archiveVersion = 1;
	classes = {
	};
	objectVersion = 50;
	objects = {

/* Begin PBXBuildFile section */
		F205569125A47294003E4FDC /* GridImageView.swift in Sources */ = {isa = PBXBuildFile; fileRef = F205569025A47294003E4FDC /* GridImageView.swift */; };
		F205569425A4A018003E4FDC /* BigGridImageView.swift in Sources */ = {isa = PBXBuildFile; fileRef = F205569325A4A018003E4FDC /* BigGridImageView.swift */; };
		F218C7BD25A352550062BEC8 /* Map_Marker.swift in Sources */ = {isa = PBXBuildFile; fileRef = F218C7BC25A352550062BEC8 /* Map_Marker.swift */; };
		F218C7C125A36FB20062BEC8 /* MotionAnimationView.swift in Sources */ = {isa = PBXBuildFile; fileRef = F218C7C025A36FB20062BEC8 /* MotionAnimationView.swift */; };
		F254992D25A06F6300034685 /* AfricaApp.swift in Sources */ = {isa = PBXBuildFile; fileRef = F254992C25A06F6300034685 /* AfricaApp.swift */; };
		F254992F25A06F6300034685 /* ContentView.swift in Sources */ = {isa = PBXBuildFile; fileRef = F254992E25A06F6300034685 /* ContentView.swift */; };
		F254993125A06F6400034685 /* Assets.xcassets in Resources */ = {isa = PBXBuildFile; fileRef = F254993025A06F6400034685 /* Assets.xcassets */; };
		F254993425A06F6400034685 /* Preview Assets.xcassets in Resources */ = {isa = PBXBuildFile; fileRef = F254993325A06F6400034685 /* Preview Assets.xcassets */; };
		F26A810025A20AED00746303 /* VideoRowView.swift in Sources */ = {isa = PBXBuildFile; fileRef = F26A80FF25A20AED00746303 /* VideoRowView.swift */; };
		F26A810425A2100C00746303 /* VideoModel.swift in Sources */ = {isa = PBXBuildFile; fileRef = F26A810325A2100C00746303 /* VideoModel.swift */; };
		F26A810725A216AB00746303 /* VideoPlayerHelper.swift in Sources */ = {isa = PBXBuildFile; fileRef = F26A810625A216AB00746303 /* VideoPlayerHelper.swift */; };
		F26A810D25A218D600746303 /* VideoPlayerView.swift in Sources */ = {isa = PBXBuildFile; fileRef = F26A810C25A218D600746303 /* VideoPlayerView.swift */; };
		F26A811A25A21B2C00746303 /* zebra.mp4 in Resources */ = {isa = PBXBuildFile; fileRef = F26A811025A21B2C00746303 /* zebra.mp4 */; };
		F26A811B25A21B2C00746303 /* cheetah.mp4 in Resources */ = {isa = PBXBuildFile; fileRef = F26A811125A21B2C00746303 /* cheetah.mp4 */; };
		F26A811C25A21B2C00746303 /* lioness.mp4 in Resources */ = {isa = PBXBuildFile; fileRef = F26A811225A21B2C00746303 /* lioness.mp4 */; };
		F26A811D25A21B2C00746303 /* ostrich.mp4 in Resources */ = {isa = PBXBuildFile; fileRef = F26A811325A21B2C00746303 /* ostrich.mp4 */; };
		F26A811E25A21B2C00746303 /* giraffe.mp4 in Resources */ = {isa = PBXBuildFile; fileRef = F26A811425A21B2C00746303 /* giraffe.mp4 */; };
		F26A811F25A21B2C00746303 /* rhino.mp4 in Resources */ = {isa = PBXBuildFile; fileRef = F26A811525A21B2C00746303 /* rhino.mp4 */; };
		F26A812025A21B2C00746303 /* lion.mp4 in Resources */ = {isa = PBXBuildFile; fileRef = F26A811625A21B2C00746303 /* lion.mp4 */; };
		F26A812125A21B2C00746303 /* gorilla.mp4 in Resources */ = {isa = PBXBuildFile; fileRef = F26A811725A21B2C00746303 /* gorilla.mp4 */; };
		F26A812225A21B2C00746303 /* hippo.mp4 in Resources */ = {isa = PBXBuildFile; fileRef = F26A811825A21B2C00746303 /* hippo.mp4 */; };
		F26A812325A21B2C00746303 /* elephant.mp4 in Resources */ = {isa = PBXBuildFile; fileRef = F26A811925A21B2C00746303 /* elephant.mp4 */; };
		F26EC97625A34B7000FC5E02 /* LocationModel.swift in Sources */ = {isa = PBXBuildFile; fileRef = F26EC97525A34B7000FC5E02 /* LocationModel.swift */; };
		F280B95A25A0872F00D52EE2 /* covers.json in Resources */ = {isa = PBXBuildFile; fileRef = F280B95625A0872F00D52EE2 /* covers.json */; };
		F280B95B25A0872F00D52EE2 /* videos.json in Resources */ = {isa = PBXBuildFile; fileRef = F280B95725A0872F00D52EE2 /* videos.json */; };
		F280B95C25A0872F00D52EE2 /* animals.json in Resources */ = {isa = PBXBuildFile; fileRef = F280B95825A0872F00D52EE2 /* animals.json */; };
		F280B95D25A0872F00D52EE2 /* locations.json in Resources */ = {isa = PBXBuildFile; fileRef = F280B95925A0872F00D52EE2 /* locations.json */; };
		F280B96125A0A48B00D52EE2 /* AnimalListView.swift in Sources */ = {isa = PBXBuildFile; fileRef = F280B96025A0A48B00D52EE2 /* AnimalListView.swift */; };
		F280B96425A0A9E600D52EE2 /* Animals.swift in Sources */ = {isa = PBXBuildFile; fileRef = F280B96325A0A9E600D52EE2 /* Animals.swift */; };
		F280B96725A0D9A800D52EE2 /* AnimalDetailView.swift in Sources */ = {isa = PBXBuildFile; fileRef = F280B96625A0D9A800D52EE2 /* AnimalDetailView.swift */; };
		F280B96A25A0E76400D52EE2 /* HeaderView.swift in Sources */ = {isa = PBXBuildFile; fileRef = F280B96925A0E76400D52EE2 /* HeaderView.swift */; };
		F280B96D25A0EA5E00D52EE2 /* InsetGalleryView.swift in Sources */ = {isa = PBXBuildFile; fileRef = F280B96C25A0EA5E00D52EE2 /* InsetGalleryView.swift */; };
		F280B97025A0F30B00D52EE2 /* InsetFact.swift in Sources */ = {isa = PBXBuildFile; fileRef = F280B96F25A0F30B00D52EE2 /* InsetFact.swift */; };
		F280B97325A0F8FF00D52EE2 /* InsetMap.swift in Sources */ = {isa = PBXBuildFile; fileRef = F280B97225A0F8FF00D52EE2 /* InsetMap.swift */; };
		F280B97725A1001100D52EE2 /* InsetLink.swift in Sources */ = {isa = PBXBuildFile; fileRef = F280B97625A1001100D52EE2 /* InsetLink.swift */; };
		F2AC106025A073E7001A6530 /* MainView.swift in Sources */ = {isa = PBXBuildFile; fileRef = F2AC105F25A073E7001A6530 /* MainView.swift */; };
		F2AC106325A07524001A6530 /* VideolistView.swift in Sources */ = {isa = PBXBuildFile; fileRef = F2AC106225A07524001A6530 /* VideolistView.swift */; };
		F2AC106625A07534001A6530 /* MapView.swift in Sources */ = {isa = PBXBuildFile; fileRef = F2AC106525A07534001A6530 /* MapView.swift */; };
		F2AC106925A07551001A6530 /* GalleryView.swift in Sources */ = {isa = PBXBuildFile; fileRef = F2AC106825A07551001A6530 /* GalleryView.swift */; };
		F2AC106D25A07ACA001A6530 /* CodableBundleExtension.swift in Sources */ = {isa = PBXBuildFile; fileRef = F2AC106C25A07ACA001A6530 /* CodableBundleExtension.swift */; };
		F2AC107125A07B09001A6530 /* CoverImageView.swift in Sources */ = {isa = PBXBuildFile; fileRef = F2AC107025A07B09001A6530 /* CoverImageView.swift */; };
		F2AC107525A07C9C001A6530 /* CoverImage.swift in Sources */ = {isa = PBXBuildFile; fileRef = F2AC107425A07C9C001A6530 /* CoverImage.swift */; };
/* End PBXBuildFile section */

/* Begin PBXFileReference section */
		F205569025A47294003E4FDC /* GridImageView.swift */ = {isa = PBXFileReference; lastKnownFileType = sourcecode.swift; path = GridImageView.swift; sourceTree = "<group>"; };
		F205569325A4A018003E4FDC /* BigGridImageView.swift */ = {isa = PBXFileReference; lastKnownFileType = sourcecode.swift; path = BigGridImageView.swift; sourceTree = "<group>"; };
		F218C7BC25A352550062BEC8 /* Map_Marker.swift */ = {isa = PBXFileReference; lastKnownFileType = sourcecode.swift; path = Map_Marker.swift; sourceTree = "<group>"; };
		F218C7C025A36FB20062BEC8 /* MotionAnimationView.swift */ = {isa = PBXFileReference; lastKnownFileType = sourcecode.swift; path = MotionAnimationView.swift; sourceTree = "<group>"; };
		F254992925A06F6300034685 /* Africa.app */ = {isa = PBXFileReference; explicitFileType = wrapper.application; includeInIndex = 0; path = Africa.app; sourceTree = BUILT_PRODUCTS_DIR; };
		F254992C25A06F6300034685 /* AfricaApp.swift */ = {isa = PBXFileReference; lastKnownFileType = sourcecode.swift; path = AfricaApp.swift; sourceTree = "<group>"; };
		F254992E25A06F6300034685 /* ContentView.swift */ = {isa = PBXFileReference; lastKnownFileType = sourcecode.swift; path = ContentView.swift; sourceTree = "<group>"; };
		F254993025A06F6400034685 /* Assets.xcassets */ = {isa = PBXFileReference; lastKnownFileType = folder.assetcatalog; path = Assets.xcassets; sourceTree = "<group>"; };
		F254993325A06F6400034685 /* Preview Assets.xcassets */ = {isa = PBXFileReference; lastKnownFileType = folder.assetcatalog; path = "Preview Assets.xcassets"; sourceTree = "<group>"; };
		F254993525A06F6400034685 /* Info.plist */ = {isa = PBXFileReference; lastKnownFileType = text.plist.xml; path = Info.plist; sourceTree = "<group>"; };
		F26A80FF25A20AED00746303 /* VideoRowView.swift */ = {isa = PBXFileReference; lastKnownFileType = sourcecode.swift; path = VideoRowView.swift; sourceTree = "<group>"; };
		F26A810325A2100C00746303 /* VideoModel.swift */ = {isa = PBXFileReference; lastKnownFileType = sourcecode.swift; path = VideoModel.swift; sourceTree = "<group>"; };
		F26A810625A216AB00746303 /* VideoPlayerHelper.swift */ = {isa = PBXFileReference; lastKnownFileType = sourcecode.swift; path = VideoPlayerHelper.swift; sourceTree = "<group>"; };
		F26A810C25A218D600746303 /* VideoPlayerView.swift */ = {isa = PBXFileReference; lastKnownFileType = sourcecode.swift; path = VideoPlayerView.swift; sourceTree = "<group>"; };
		F26A811025A21B2C00746303 /* zebra.mp4 */ = {isa = PBXFileReference; lastKnownFileType = file; path = zebra.mp4; sourceTree = "<group>"; };
		F26A811125A21B2C00746303 /* cheetah.mp4 */ = {isa = PBXFileReference; lastKnownFileType = file; path = cheetah.mp4; sourceTree = "<group>"; };
		F26A811225A21B2C00746303 /* lioness.mp4 */ = {isa = PBXFileReference; lastKnownFileType = file; path = lioness.mp4; sourceTree = "<group>"; };
		F26A811325A21B2C00746303 /* ostrich.mp4 */ = {isa = PBXFileReference; lastKnownFileType = file; path = ostrich.mp4; sourceTree = "<group>"; };
		F26A811425A21B2C00746303 /* giraffe.mp4 */ = {isa = PBXFileReference; lastKnownFileType = file; path = giraffe.mp4; sourceTree = "<group>"; };
		F26A811525A21B2C00746303 /* rhino.mp4 */ = {isa = PBXFileReference; lastKnownFileType = file; path = rhino.mp4; sourceTree = "<group>"; };
		F26A811625A21B2C00746303 /* lion.mp4 */ = {isa = PBXFileReference; lastKnownFileType = file; path = lion.mp4; sourceTree = "<group>"; };
		F26A811725A21B2C00746303 /* gorilla.mp4 */ = {isa = PBXFileReference; lastKnownFileType = file; path = gorilla.mp4; sourceTree = "<group>"; };
		F26A811825A21B2C00746303 /* hippo.mp4 */ = {isa = PBXFileReference; lastKnownFileType = file; path = hippo.mp4; sourceTree = "<group>"; };
		F26A811925A21B2C00746303 /* elephant.mp4 */ = {isa = PBXFileReference; lastKnownFileType = file; path = elephant.mp4; sourceTree = "<group>"; };
		F26EC97525A34B7000FC5E02 /* LocationModel.swift */ = {isa = PBXFileReference; lastKnownFileType = sourcecode.swift; path = LocationModel.swift; sourceTree = "<group>"; };
		F280B95625A0872F00D52EE2 /* covers.json */ = {isa = PBXFileReference; fileEncoding = 4; lastKnownFileType = text.json; path = covers.json; sourceTree = "<group>"; };
		F280B95725A0872F00D52EE2 /* videos.json */ = {isa = PBXFileReference; fileEncoding = 4; lastKnownFileType = text.json; path = videos.json; sourceTree = "<group>"; };
		F280B95825A0872F00D52EE2 /* animals.json */ = {isa = PBXFileReference; fileEncoding = 4; lastKnownFileType = text.json; path = animals.json; sourceTree = "<group>"; };
		F280B95925A0872F00D52EE2 /* locations.json */ = {isa = PBXFileReference; fileEncoding = 4; lastKnownFileType = text.json; path = locations.json; sourceTree = "<group>"; };
		F280B96025A0A48B00D52EE2 /* AnimalListView.swift */ = {isa = PBXFileReference; lastKnownFileType = sourcecode.swift; path = AnimalListView.swift; sourceTree = "<group>"; };
		F280B96325A0A9E600D52EE2 /* Animals.swift */ = {isa = PBXFileReference; lastKnownFileType = sourcecode.swift; path = Animals.swift; sourceTree = "<group>"; };
		F280B96625A0D9A800D52EE2 /* AnimalDetailView.swift */ = {isa = PBXFileReference; lastKnownFileType = sourcecode.swift; path = AnimalDetailView.swift; sourceTree = "<group>"; };
		F280B96925A0E76400D52EE2 /* HeaderView.swift */ = {isa = PBXFileReference; lastKnownFileType = sourcecode.swift; path = HeaderView.swift; sourceTree = "<group>"; };
		F280B96C25A0EA5E00D52EE2 /* InsetGalleryView.swift */ = {isa = PBXFileReference; lastKnownFileType = sourcecode.swift; path = InsetGalleryView.swift; sourceTree = "<group>"; };
		F280B96F25A0F30B00D52EE2 /* InsetFact.swift */ = {isa = PBXFileReference; lastKnownFileType = sourcecode.swift; path = InsetFact.swift; sourceTree = "<group>"; };
		F280B97225A0F8FF00D52EE2 /* InsetMap.swift */ = {isa = PBXFileReference; lastKnownFileType = sourcecode.swift; path = InsetMap.swift; sourceTree = "<group>"; };
		F280B97625A1001100D52EE2 /* InsetLink.swift */ = {isa = PBXFileReference; lastKnownFileType = sourcecode.swift; path = InsetLink.swift; sourceTree = "<group>"; };
		F2AC105F25A073E7001A6530 /* MainView.swift */ = {isa = PBXFileReference; lastKnownFileType = sourcecode.swift; path = MainView.swift; sourceTree = "<group>"; };
		F2AC106225A07524001A6530 /* VideolistView.swift */ = {isa = PBXFileReference; lastKnownFileType = sourcecode.swift; path = VideolistView.swift; sourceTree = "<group>"; };
		F2AC106525A07534001A6530 /* MapView.swift */ = {isa = PBXFileReference; lastKnownFileType = sourcecode.swift; path = MapView.swift; sourceTree = "<group>"; };
		F2AC106825A07551001A6530 /* GalleryView.swift */ = {isa = PBXFileReference; lastKnownFileType = sourcecode.swift; path = GalleryView.swift; sourceTree = "<group>"; };
		F2AC106C25A07ACA001A6530 /* CodableBundleExtension.swift */ = {isa = PBXFileReference; lastKnownFileType = sourcecode.swift; path = CodableBundleExtension.swift; sourceTree = "<group>"; };
		F2AC107025A07B09001A6530 /* CoverImageView.swift */ = {isa = PBXFileReference; lastKnownFileType = sourcecode.swift; path = CoverImageView.swift; sourceTree = "<group>"; };
		F2AC107425A07C9C001A6530 /* CoverImage.swift */ = {isa = PBXFileReference; lastKnownFileType = sourcecode.swift; path = CoverImage.swift; sourceTree = "<group>"; };
/* End PBXFileReference section */

/* Begin PBXFrameworksBuildPhase section */
		F254992625A06F6300034685 /* Frameworks */ = {
			isa = PBXFrameworksBuildPhase;
			buildActionMask = 2147483647;
			files = (
			);
			runOnlyForDeploymentPostprocessing = 0;
		};
/* End PBXFrameworksBuildPhase section */

/* Begin PBXGroup section */
		F254992025A06F6300034685 = {
			isa = PBXGroup;
			children = (
				F254992B25A06F6300034685 /* Africa */,
				F254992A25A06F6300034685 /* Products */,
			);
			sourceTree = "<group>";
		};
		F254992A25A06F6300034685 /* Products */ = {
			isa = PBXGroup;
			children = (
				F254992925A06F6300034685 /* Africa.app */,
			);
			name = Products;
			sourceTree = "<group>";
		};
		F254992B25A06F6300034685 /* Africa */ = {
			isa = PBXGroup;
			children = (
				F26A810F25A21B1900746303 /* Videos */,
				F26A810925A217AB00746303 /* Helper */,
				F280B95525A0871700D52EE2 /* data */,
				F2AC105D25A073CF001A6530 /* App */,
				F2AC107325A07C87001A6530 /* Model */,
				F2AC106F25A07AF2001A6530 /* View */,
				F2AC106B25A07AA8001A6530 /* Extension */,
				F254993025A06F6400034685 /* Assets.xcassets */,
				F254993525A06F6400034685 /* Info.plist */,
				F254993225A06F6400034685 /* Preview Content */,
			);
			path = Africa;
			sourceTree = "<group>";
		};
		F254993225A06F6400034685 /* Preview Content */ = {
			isa = PBXGroup;
			children = (
				F254993325A06F6400034685 /* Preview Assets.xcassets */,
			);
			path = "Preview Content";
			sourceTree = "<group>";
		};
		F26A810925A217AB00746303 /* Helper */ = {
			isa = PBXGroup;
			children = (
				F26A810625A216AB00746303 /* VideoPlayerHelper.swift */,
			);
			path = Helper;
			sourceTree = "<group>";
		};
		F26A810F25A21B1900746303 /* Videos */ = {
			isa = PBXGroup;
			children = (
				F26A811125A21B2C00746303 /* cheetah.mp4 */,
				F26A811925A21B2C00746303 /* elephant.mp4 */,
				F26A811425A21B2C00746303 /* giraffe.mp4 */,
				F26A811725A21B2C00746303 /* gorilla.mp4 */,
				F26A811825A21B2C00746303 /* hippo.mp4 */,
				F26A811625A21B2C00746303 /* lion.mp4 */,
				F26A811225A21B2C00746303 /* lioness.mp4 */,
				F26A811325A21B2C00746303 /* ostrich.mp4 */,
				F26A811525A21B2C00746303 /* rhino.mp4 */,
				F26A811025A21B2C00746303 /* zebra.mp4 */,
			);
			path = Videos;
			sourceTree = "<group>";
		};
		F280B95525A0871700D52EE2 /* data */ = {
			isa = PBXGroup;
			children = (
				F280B95825A0872F00D52EE2 /* animals.json */,
				F280B95625A0872F00D52EE2 /* covers.json */,
				F280B95925A0872F00D52EE2 /* locations.json */,
				F280B95725A0872F00D52EE2 /* videos.json */,
			);
			path = data;
			sourceTree = "<group>";
		};
		F2AC105D25A073CF001A6530 /* App */ = {
			isa = PBXGroup;
			children = (
				F254992C25A06F6300034685 /* AfricaApp.swift */,
				F254992E25A06F6300034685 /* ContentView.swift */,
				F2AC105F25A073E7001A6530 /* MainView.swift */,
				F2AC106225A07524001A6530 /* VideolistView.swift */,
				F2AC106525A07534001A6530 /* MapView.swift */,
				F2AC106825A07551001A6530 /* GalleryView.swift */,
			);
			path = App;
			sourceTree = "<group>";
		};
		F2AC106B25A07AA8001A6530 /* Extension */ = {
			isa = PBXGroup;
			children = (
				F2AC106C25A07ACA001A6530 /* CodableBundleExtension.swift */,
			);
			path = Extension;
			sourceTree = "<group>";
		};
		F2AC106F25A07AF2001A6530 /* View */ = {
			isa = PBXGroup;
			children = (
				F2AC107025A07B09001A6530 /* CoverImageView.swift */,
				F280B96625A0D9A800D52EE2 /* AnimalDetailView.swift */,
				F280B96025A0A48B00D52EE2 /* AnimalListView.swift */,
				F280B96925A0E76400D52EE2 /* HeaderView.swift */,
				F280B96C25A0EA5E00D52EE2 /* InsetGalleryView.swift */,
				F280B96F25A0F30B00D52EE2 /* InsetFact.swift */,
				F280B97225A0F8FF00D52EE2 /* InsetMap.swift */,
				F280B97625A1001100D52EE2 /* InsetLink.swift */,
				F26A80FF25A20AED00746303 /* VideoRowView.swift */,
				F26A810C25A218D600746303 /* VideoPlayerView.swift */,
				F218C7BC25A352550062BEC8 /* Map_Marker.swift */,
				F218C7C025A36FB20062BEC8 /* MotionAnimationView.swift */,
				F205569025A47294003E4FDC /* GridImageView.swift */,
				F205569325A4A018003E4FDC /* BigGridImageView.swift */,
			);
			path = View;
			sourceTree = "<group>";
		};
		F2AC107325A07C87001A6530 /* Model */ = {
			isa = PBXGroup;
			children = (
				F2AC107425A07C9C001A6530 /* CoverImage.swift */,
				F280B96325A0A9E600D52EE2 /* Animals.swift */,
				F26A810325A2100C00746303 /* VideoModel.swift */,
				F26EC97525A34B7000FC5E02 /* LocationModel.swift */,
			);
			path = Model;
			sourceTree = "<group>";
		};
/* End PBXGroup section */

/* Begin PBXNativeTarget section */
		F254992825A06F6300034685 /* Africa */ = {
			isa = PBXNativeTarget;
			buildConfigurationList = F254993825A06F6400034685 /* Build configuration list for PBXNativeTarget "Africa" */;
			buildPhases = (
				F254992525A06F6300034685 /* Sources */,
				F254992625A06F6300034685 /* Frameworks */,
				F254992725A06F6300034685 /* Resources */,
			);
			buildRules = (
			);
			dependencies = (
			);
			name = Africa;
			productName = Africa;
			productReference = F254992925A06F6300034685 /* Africa.app */;
			productType = "com.apple.product-type.application";
		};
/* End PBXNativeTarget section */

/* Begin PBXProject section */
		F254992125A06F6300034685 /* Project object */ = {
			isa = PBXProject;
			attributes = {
				LastSwiftUpdateCheck = 1230;
				LastUpgradeCheck = 1230;
				TargetAttributes = {
					F254992825A06F6300034685 = {
						CreatedOnToolsVersion = 12.3;
					};
				};
			};
			buildConfigurationList = F254992425A06F6300034685 /* Build configuration list for PBXProject "Africa" */;
			compatibilityVersion = "Xcode 9.3";
			developmentRegion = en;
			hasScannedForEncodings = 0;
			knownRegions = (
				en,
				Base,
			);
			mainGroup = F254992025A06F6300034685;
			productRefGroup = F254992A25A06F6300034685 /* Products */;
			projectDirPath = "";
			projectRoot = "";
			targets = (
				F254992825A06F6300034685 /* Africa */,
			);
		};
/* End PBXProject section */

/* Begin PBXResourcesBuildPhase section */
		F254992725A06F6300034685 /* Resources */ = {
			isa = PBXResourcesBuildPhase;
			buildActionMask = 2147483647;
			files = (
				F280B95C25A0872F00D52EE2 /* animals.json in Resources */,
				F280B95A25A0872F00D52EE2 /* covers.json in Resources */,
				F26A811E25A21B2C00746303 /* giraffe.mp4 in Resources */,
				F280B95D25A0872F00D52EE2 /* locations.json in Resources */,
				F26A811A25A21B2C00746303 /* zebra.mp4 in Resources */,
				F254993425A06F6400034685 /* Preview Assets.xcassets in Resources */,
				F26A812125A21B2C00746303 /* gorilla.mp4 in Resources */,
				F26A812225A21B2C00746303 /* hippo.mp4 in Resources */,
				F26A812325A21B2C00746303 /* elephant.mp4 in Resources */,
				F26A811F25A21B2C00746303 /* rhino.mp4 in Resources */,
				F254993125A06F6400034685 /* Assets.xcassets in Resources */,
				F26A812025A21B2C00746303 /* lion.mp4 in Resources */,
				F26A811C25A21B2C00746303 /* lioness.mp4 in Resources */,
				F280B95B25A0872F00D52EE2 /* videos.json in Resources */,
				F26A811B25A21B2C00746303 /* cheetah.mp4 in Resources */,
				F26A811D25A21B2C00746303 /* ostrich.mp4 in Resources */,
			);
			runOnlyForDeploymentPostprocessing = 0;
		};
/* End PBXResourcesBuildPhase section */

/* Begin PBXSourcesBuildPhase section */
		F254992525A06F6300034685 /* Sources */ = {
			isa = PBXSourcesBuildPhase;
			buildActionMask = 2147483647;
			files = (
				F26A810025A20AED00746303 /* VideoRowView.swift in Sources */,
				F280B96125A0A48B00D52EE2 /* AnimalListView.swift in Sources */,
				F280B97325A0F8FF00D52EE2 /* InsetMap.swift in Sources */,
				F280B97725A1001100D52EE2 /* InsetLink.swift in Sources */,
				F2AC106325A07524001A6530 /* VideolistView.swift in Sources */,
				F280B97025A0F30B00D52EE2 /* InsetFact.swift in Sources */,
				F2AC107525A07C9C001A6530 /* CoverImage.swift in Sources */,
				F26A810725A216AB00746303 /* VideoPlayerHelper.swift in Sources */,
				F218C7BD25A352550062BEC8 /* Map_Marker.swift in Sources */,
				F2AC106D25A07ACA001A6530 /* CodableBundleExtension.swift in Sources */,
				F2AC106925A07551001A6530 /* GalleryView.swift in Sources */,
				F205569425A4A018003E4FDC /* BigGridImageView.swift in Sources */,
				F280B96725A0D9A800D52EE2 /* AnimalDetailView.swift in Sources */,
				F254992F25A06F6300034685 /* ContentView.swift in Sources */,
				F205569125A47294003E4FDC /* GridImageView.swift in Sources */,
				F26A810425A2100C00746303 /* VideoModel.swift in Sources */,
				F2AC107125A07B09001A6530 /* CoverImageView.swift in Sources */,
				F2AC106625A07534001A6530 /* MapView.swift in Sources */,
				F2AC106025A073E7001A6530 /* MainView.swift in Sources */,
				F26EC97625A34B7000FC5E02 /* LocationModel.swift in Sources */,
				F280B96425A0A9E600D52EE2 /* Animals.swift in Sources */,
				F280B96D25A0EA5E00D52EE2 /* InsetGalleryView.swift in Sources */,
				F254992D25A06F6300034685 /* AfricaApp.swift in Sources */,
				F218C7C125A36FB20062BEC8 /* MotionAnimationView.swift in Sources */,
				F280B96A25A0E76400D52EE2 /* HeaderView.swift in Sources */,
				F26A810D25A218D600746303 /* VideoPlayerView.swift in Sources */,
			);
			runOnlyForDeploymentPostprocessing = 0;
		};
/* End PBXSourcesBuildPhase section */

/* Begin XCBuildConfiguration section */
		F254993625A06F6400034685 /* Debug */ = {
			isa = XCBuildConfiguration;
			buildSettings = {
				ALWAYS_SEARCH_USER_PATHS = NO;
				CLANG_ANALYZER_NONNULL = YES;
				CLANG_ANALYZER_NUMBER_OBJECT_CONVERSION = YES_AGGRESSIVE;
				CLANG_CXX_LANGUAGE_STANDARD = "gnu++14";
				CLANG_CXX_LIBRARY = "libc++";
				CLANG_ENABLE_MODULES = YES;
				CLANG_ENABLE_OBJC_ARC = YES;
				CLANG_ENABLE_OBJC_WEAK = YES;
				CLANG_WARN_BLOCK_CAPTURE_AUTORELEASING = YES;
				CLANG_WARN_BOOL_CONVERSION = YES;
				CLANG_WARN_COMMA = YES;
				CLANG_WARN_CONSTANT_CONVERSION = YES;
				CLANG_WARN_DEPRECATED_OBJC_IMPLEMENTATIONS = YES;
				CLANG_WARN_DIRECT_OBJC_ISA_USAGE = YES_ERROR;
				CLANG_WARN_DOCUMENTATION_COMMENTS = YES;
				CLANG_WARN_EMPTY_BODY = YES;
				CLANG_WARN_ENUM_CONVERSION = YES;
				CLANG_WARN_INFINITE_RECURSION = YES;
				CLANG_WARN_INT_CONVERSION = YES;
				CLANG_WARN_NON_LITERAL_NULL_CONVERSION = YES;
				CLANG_WARN_OBJC_IMPLICIT_RETAIN_SELF = YES;
				CLANG_WARN_OBJC_LITERAL_CONVERSION = YES;
				CLANG_WARN_OBJC_ROOT_CLASS = YES_ERROR;
				CLANG_WARN_QUOTED_INCLUDE_IN_FRAMEWORK_HEADER = YES;
				CLANG_WARN_RANGE_LOOP_ANALYSIS = YES;
				CLANG_WARN_STRICT_PROTOTYPES = YES;
				CLANG_WARN_SUSPICIOUS_MOVE = YES;
				CLANG_WARN_UNGUARDED_AVAILABILITY = YES_AGGRESSIVE;
				CLANG_WARN_UNREACHABLE_CODE = YES;
				CLANG_WARN__DUPLICATE_METHOD_MATCH = YES;
				COPY_PHASE_STRIP = NO;
				DEBUG_INFORMATION_FORMAT = dwarf;
				ENABLE_STRICT_OBJC_MSGSEND = YES;
				ENABLE_TESTABILITY = YES;
				GCC_C_LANGUAGE_STANDARD = gnu11;
				GCC_DYNAMIC_NO_PIC = NO;
				GCC_NO_COMMON_BLOCKS = YES;
				GCC_OPTIMIZATION_LEVEL = 0;
				GCC_PREPROCESSOR_DEFINITIONS = (
					"DEBUG=1",
					"$(inherited)",
				);
				GCC_WARN_64_TO_32_BIT_CONVERSION = YES;
				GCC_WARN_ABOUT_RETURN_TYPE = YES_ERROR;
				GCC_WARN_UNDECLARED_SELECTOR = YES;
				GCC_WARN_UNINITIALIZED_AUTOS = YES_AGGRESSIVE;
				GCC_WARN_UNUSED_FUNCTION = YES;
				GCC_WARN_UNUSED_VARIABLE = YES;
				IPHONEOS_DEPLOYMENT_TARGET = 14.3;
				MTL_ENABLE_DEBUG_INFO = INCLUDE_SOURCE;
				MTL_FAST_MATH = YES;
				ONLY_ACTIVE_ARCH = YES;
				SDKROOT = iphoneos;
				SWIFT_ACTIVE_COMPILATION_CONDITIONS = DEBUG;
				SWIFT_OPTIMIZATION_LEVEL = "-Onone";
			};
			name = Debug;
		};
		F254993725A06F6400034685 /* Release */ = {
			isa = XCBuildConfiguration;
			buildSettings = {
				ALWAYS_SEARCH_USER_PATHS = NO;
				CLANG_ANALYZER_NONNULL = YES;
				CLANG_ANALYZER_NUMBER_OBJECT_CONVERSION = YES_AGGRESSIVE;
				CLANG_CXX_LANGUAGE_STANDARD = "gnu++14";
				CLANG_CXX_LIBRARY = "libc++";
				CLANG_ENABLE_MODULES = YES;
				CLANG_ENABLE_OBJC_ARC = YES;
				CLANG_ENABLE_OBJC_WEAK = YES;
				CLANG_WARN_BLOCK_CAPTURE_AUTORELEASING = YES;
				CLANG_WARN_BOOL_CONVERSION = YES;
				CLANG_WARN_COMMA = YES;
				CLANG_WARN_CONSTANT_CONVERSION = YES;
				CLANG_WARN_DEPRECATED_OBJC_IMPLEMENTATIONS = YES;
				CLANG_WARN_DIRECT_OBJC_ISA_USAGE = YES_ERROR;
				CLANG_WARN_DOCUMENTATION_COMMENTS = YES;
				CLANG_WARN_EMPTY_BODY = YES;
				CLANG_WARN_ENUM_CONVERSION = YES;
				CLANG_WARN_INFINITE_RECURSION = YES;
				CLANG_WARN_INT_CONVERSION = YES;
				CLANG_WARN_NON_LITERAL_NULL_CONVERSION = YES;
				CLANG_WARN_OBJC_IMPLICIT_RETAIN_SELF = YES;
				CLANG_WARN_OBJC_LITERAL_CONVERSION = YES;
				CLANG_WARN_OBJC_ROOT_CLASS = YES_ERROR;
				CLANG_WARN_QUOTED_INCLUDE_IN_FRAMEWORK_HEADER = YES;
				CLANG_WARN_RANGE_LOOP_ANALYSIS = YES;
				CLANG_WARN_STRICT_PROTOTYPES = YES;
				CLANG_WARN_SUSPICIOUS_MOVE = YES;
				CLANG_WARN_UNGUARDED_AVAILABILITY = YES_AGGRESSIVE;
				CLANG_WARN_UNREACHABLE_CODE = YES;
				CLANG_WARN__DUPLICATE_METHOD_MATCH = YES;
				COPY_PHASE_STRIP = NO;
				DEBUG_INFORMATION_FORMAT = "dwarf-with-dsym";
				ENABLE_NS_ASSERTIONS = NO;
				ENABLE_STRICT_OBJC_MSGSEND = YES;
				GCC_C_LANGUAGE_STANDARD = gnu11;
				GCC_NO_COMMON_BLOCKS = YES;
				GCC_WARN_64_TO_32_BIT_CONVERSION = YES;
				GCC_WARN_ABOUT_RETURN_TYPE = YES_ERROR;
				GCC_WARN_UNDECLARED_SELECTOR = YES;
				GCC_WARN_UNINITIALIZED_AUTOS = YES_AGGRESSIVE;
				GCC_WARN_UNUSED_FUNCTION = YES;
				GCC_WARN_UNUSED_VARIABLE = YES;
				IPHONEOS_DEPLOYMENT_TARGET = 14.3;
				MTL_ENABLE_DEBUG_INFO = NO;
				MTL_FAST_MATH = YES;
				SDKROOT = iphoneos;
				SWIFT_COMPILATION_MODE = wholemodule;
				SWIFT_OPTIMIZATION_LEVEL = "-O";
				VALIDATE_PRODUCT = YES;
			};
			name = Release;
		};
		F254993925A06F6400034685 /* Debug */ = {
			isa = XCBuildConfiguration;
			buildSettings = {
				ASSETCATALOG_COMPILER_APPICON_NAME = AppIcon;
				ASSETCATALOG_COMPILER_GLOBAL_ACCENT_COLOR_NAME = AccentColor;
				CODE_SIGN_STYLE = Automatic;
				DEVELOPMENT_ASSET_PATHS = "\"Africa/Preview Content\"";
				DEVELOPMENT_TEAM = 96B6548LJB;
				ENABLE_PREVIEWS = YES;
				INFOPLIST_FILE = Africa/Info.plist;
				IPHONEOS_DEPLOYMENT_TARGET = 14.0;
				LD_RUNPATH_SEARCH_PATHS = (
					"$(inherited)",
					"@executable_path/Frameworks",
				);
				PRODUCT_BUNDLE_IDENTIFIER = com.pf.Africa;
				PRODUCT_NAME = "$(TARGET_NAME)";
				SWIFT_VERSION = 5.0;
				TARGETED_DEVICE_FAMILY = "1,2";
			};
			name = Debug;
		};
		F254993A25A06F6400034685 /* Release */ = {
			isa = XCBuildConfiguration;
			buildSettings = {
				ASSETCATALOG_COMPILER_APPICON_NAME = AppIcon;
				ASSETCATALOG_COMPILER_GLOBAL_ACCENT_COLOR_NAME = AccentColor;
				CODE_SIGN_STYLE = Automatic;
				DEVELOPMENT_ASSET_PATHS = "\"Africa/Preview Content\"";
				DEVELOPMENT_TEAM = 96B6548LJB;
				ENABLE_PREVIEWS = YES;
				INFOPLIST_FILE = Africa/Info.plist;
				IPHONEOS_DEPLOYMENT_TARGET = 14.0;
				LD_RUNPATH_SEARCH_PATHS = (
					"$(inherited)",
					"@executable_path/Frameworks",
				);
				PRODUCT_BUNDLE_IDENTIFIER = com.pf.Africa;
				PRODUCT_NAME = "$(TARGET_NAME)";
				SWIFT_VERSION = 5.0;
				TARGETED_DEVICE_FAMILY = "1,2";
			};
			name = Release;
		};
/* End XCBuildConfiguration section */

/* Begin XCConfigurationList section */
		F254992425A06F6300034685 /* Build configuration list for PBXProject "Africa" */ = {
			isa = XCConfigurationList;
			buildConfigurations = (
				F254993625A06F6400034685 /* Debug */,
				F254993725A06F6400034685 /* Release */,
			);
			defaultConfigurationIsVisible = 0;
			defaultConfigurationName = Release;
		};
		F254993825A06F6400034685 /* Build configuration list for PBXNativeTarget "Africa" */ = {
			isa = XCConfigurationList;
			buildConfigurations = (
				F254993925A06F6400034685 /* Debug */,
				F254993A25A06F6400034685 /* Release */,
			);
			defaultConfigurationIsVisible = 0;
			defaultConfigurationName = Release;
		};
/* End XCConfigurationList section */
	};
	rootObject = F254992125A06F6300034685 /* Project object */;
}
